PODS:
  - NoBoilerplateTableViews (0.1.0):
    - RxCocoa (~> 4.0)
    - RxSwift (~> 4.0)
  - RxCocoa (4.2.0):
    - RxSwift (~> 4.0)
  - RxSwift (4.2.0)

DEPENDENCIES:
  - NoBoilerplateTableViews (from `../`)

SPEC REPOS:
  https://github.com/cocoapods/specs.git:
    - RxCocoa
    - RxSwift

EXTERNAL SOURCES:
  NoBoilerplateTableViews:
    :path: "../"

SPEC CHECKSUMS:
  NoBoilerplateTableViews: 2bd062723db6fdf9472fb6692f09a15338fc8d9e
  RxCocoa: 0b54909c902e1e581212a03e690bbd94032d8baa
  RxSwift: 99e10317ddfcc7fbe01356aafd118fde4a0be104

PODFILE CHECKSUM: 58ed4e5019ffe4b836f64d5534758bf4051635c1

COCOAPODS: 1.5.3
